<?xml version="1.0" encoding="utf-8"?>
<Project ToolsVersion="4.0" xmlns="http://schemas.microsoft.com/developer/msbuild/2003">
  <ItemGroup>
    <Filter Include="Source Files">
      <UniqueIdentifier>{4FC737F1-C7A5-4376-A066-2A32D752A2FF}</UniqueIdentifier>
      <Extensions>cpp;c;cc;cxx;c++;cppm;ixx;def;odl;idl;hpj;bat;asm;asmx</Extensions>
    </Filter>
    <Filter Include="Header Files">
      <UniqueIdentifier>{93995380-89BD-4b04-88EB-625FBE52EBFB}</UniqueIdentifier>
      <Extensions>h;hh;hpp;hxx;h++;hm;inl;inc;ipp;xsd</Extensions>
    </Filter>
    <Filter Include="Resource Files">
      <UniqueIdentifier>{67DA6AB6-F800-4c08-8B7A-83BB121AAD01}</UniqueIdentifier>
      <Extensions>rc;ico;cur;bmp;dlg;rc2;rct;bin;rgs;gif;jpg;jpeg;jpe;resx;tiff;tif;png;wav;mfcribbon-ms</Extensions>
    </Filter>
  </ItemGroup>
  <ItemGroup>
    <ClCompile Include="source\main.cpp">
      <Filter>Source Files</Filter>
    </ClCompile>
    <ClCompile Include="source\utility\memory.cpp">
      <Filter>Source Files</Filter>
    </ClCompile>
    <ClCompile Include="source\utility\porn.cpp">
      <Filter>Source Files</Filter>
    </ClCompile>
    <ClCompile Include="source\game\game.cpp">
      <Filter>Source Files</Filter>
    </ClCompile>
    <ClCompile Include="source\game\schemas.cpp">
      <Filter>Source Files</Filter>
    </ClCompile>
    <ClCompile Include="source\game\interfaces.cpp">
      <Filter>Source Files</Filter>
    </ClCompile>
  </ItemGroup>
  <ItemGroup>
    <ClInclude Include="dependencies\xorstr.h">
      <Filter>Header Files</Filter>
    </ClInclude>
    <ClInclude Include="source\utility\memory.h">
      <Filter>Header Files</Filter>
    </ClInclude>
    <ClInclude Include="source\utility\porn.h">
      <Filter>Header Files</Filter>
    </ClInclude>
    <ClInclude Include="source\utility\types\adress.h">
      <Filter>Header Files</Filter>
    </ClInclude>
    <ClInclude Include="source\game\game.h">
      <Filter>Header Files</Filter>
    </ClInclude>
    <ClInclude Include="source\game\schemas.h">
      <Filter>Header Files</Filter>
    </ClInclude>
    <ClInclude Include="source\game\interfaces.h">
      <Filter>Header Files</Filter>
    </ClInclude>
    <ClInclude Include="source\game\sdk\sdk.h">
      <Filter>Header Files</Filter>
    </ClInclude>
    <ClInclude Include="source\utility\types\fnv1a.h">
      <Filter>Header Files</Filter>
    </ClInclude>
    <ClInclude Include="source\utility\types\virtual.h">
      <Filter>Header Files</Filter>
    </ClInclude>
    <ClInclude Include="source\game\sdk\misc\base_anim_graph.h">
      <Filter>Header Files</Filter>
    </ClInclude>
    <ClInclude Include="source\game\sdk\misc\base_combat_character.h">
      <Filter>Header Files</Filter>
    </ClInclude>
    <ClInclude Include="source\game\sdk\misc\base_entity.h">
      <Filter>Header Files</Filter>
    </ClInclude>
    <ClInclude Include="source\game\sdk\misc\base_flex.h">
      <Filter>Header Files</Filter>
    </ClInclude>
    <ClInclude Include="source\game\sdk\misc\base_model_entity.h">
      <Filter>Header Files</Filter>
    </ClInclude>
    <ClInclude Include="source\game\sdk\misc\base_player_pawn.h">
      <Filter>Header Files</Filter>
    </ClInclude>
    <ClInclude Include="source\game\sdk\misc\base_user_cmd_pb.h">
      <Filter>Header Files</Filter>
    </ClInclude>
    <ClInclude Include="source\game\sdk\misc\cs_player_controller.h">
      <Filter>Header Files</Filter>
    </ClInclude>
    <ClInclude Include="source\game\sdk\misc\cs_player_pawn.h">
      <Filter>Header Files</Filter>
    </ClInclude>
    <ClInclude Include="source\game\sdk\misc\cs_player_pawn_base.h">
      <Filter>Header Files</Filter>
    </ClInclude>
    <ClInclude Include="source\game\sdk\misc\enums.h">
      <Filter>Header Files</Filter>
    </ClInclude>
    <ClInclude Include="source\game\sdk\misc\user_cmd.h">
      <Filter>Header Files</Filter>
    </ClInclude>
    <ClInclude Include="source\game\sdk\misc\utl_string.h">
      <Filter>Header Files</Filter>
    </ClInclude>
    <ClInclude Include="source\game\sdk\misc\utl_ts_hash.h">
      <Filter>Header Files</Filter>
    </ClInclude>
    <ClInclude Include="source\game\sdk\misc\utl_vector.h">
      <Filter>Header Files</Filter>
    </ClInclude>
    <ClInclude Include="source\game\sdk\interfaces\client_mode_shared.h">
      <Filter>Header Files</Filter>
    </ClInclude>
    <ClInclude Include="source\game\sdk\interfaces\csgo_input.h">
      <Filter>Header Files</Filter>
    </ClInclude>
    <ClInclude Include="source\game\sdk\interfaces\cvar.h">
      <Filter>Header Files</Filter>
    </ClInclude>
    <ClInclude Include="source\game\sdk\interfaces\engine_client.h">
      <Filter>Header Files</Filter>
    </ClInclude>
    <ClInclude Include="source\game\sdk\interfaces\game_entity_system.h">
      <Filter>Header Files</Filter>
    </ClInclude>
    <ClInclude Include="source\game\sdk\interfaces\game_resource_service.h">
      <Filter>Header Files</Filter>
    </ClInclude>
    <ClInclude Include="source\game\sdk\interfaces\global_vars.h">
      <Filter>Header Files</Filter>
    </ClInclude>
    <ClInclude Include="source\game\sdk\interfaces\localize.h">
      <Filter>Header Files</Filter>
    </ClInclude>
    <ClInclude Include="source\game\sdk\interfaces\resource_system.h">
      <Filter>Header Files</Filter>
    </ClInclude>
    <ClInclude Include="source\game\sdk\interfaces\schema_system.h">
      <Filter>Header Files</Filter>
    </ClInclude>
    <ClInclude Include="source\game\sdk\interfaces\source_2_client.h">
      <Filter>Header Files</Filter>
    </ClInclude>
  </ItemGroup>
</Project>